
Microsoft Visual Studio Solution File, Format Version 12.00
# Visual Studio 15
VisualStudioVersion = 15.0.25807.0
MinimumVisualStudioVersion = 10.0.40219.1
Project("{2150E333-8FDC-42A3-9474-1A3956D46DE8}") = "Engine", "Engine", "{37999154-BA72-493A-86C3-94E8D9D50726}"
EndProject
Project("{2150E333-8FDC-42A3-9474-1A3956D46DE8}") = "Games", "Games", "{51DA16C1-1A38-4F1C-9AD8-7D3A8D5277A7}"
EndProject
Project("{8BC9CEB8-8B4A-11D0-8D11-00A0C91BC942}") = "UE4", "Intermediate\ProjectFiles\UE4.vcxproj", "{9585159F-987A-4E55-A0C6-4854B172B03C}"
EndProject
Project("{8BC9CEB8-8B4A-11D0-8D11-00A0C91BC942}") = "projectlevel", "Intermediate\ProjectFiles\projectlevel.vcxproj", "{A4193BA9-C861-45E2-A058-6C14A3445B86}"
EndProject
Global
	GlobalSection(SolutionConfigurationPlatforms) = preSolution
		DebugGame Editor|HTML5 = DebugGame Editor|HTML5
		DebugGame Editor|IOS = DebugGame Editor|IOS
		DebugGame Editor|Win32 = DebugGame Editor|Win32
		DebugGame Editor|Win64 = DebugGame Editor|Win64
		DebugGame|HTML5 = DebugGame|HTML5
		DebugGame|IOS = DebugGame|IOS
		DebugGame|Win32 = DebugGame|Win32
		DebugGame|Win64 = DebugGame|Win64
		Development Editor|HTML5 = Development Editor|HTML5
		Development Editor|IOS = Development Editor|IOS
		Development Editor|Win32 = Development Editor|Win32
		Development Editor|Win64 = Development Editor|Win64
		Development|HTML5 = Development|HTML5
		Development|IOS = Development|IOS
		Development|Win32 = Development|Win32
		Development|Win64 = Development|Win64
		Shipping|HTML5 = Shipping|HTML5
		Shipping|IOS = Shipping|IOS
		Shipping|Win32 = Shipping|Win32
		Shipping|Win64 = Shipping|Win64
	EndGlobalSection
	GlobalSection(ProjectConfigurationPlatforms) = postSolution
		{9585159F-987A-4E55-A0C6-4854B172B03C}.DebugGame Editor|HTML5.ActiveCfg = BuiltWithUnrealBuildTool|Win32
		{9585159F-987A-4E55-A0C6-4854B172B03C}.DebugGame Editor|HTML5.Build.0 = BuiltWithUnrealBuildTool|Win32
		{9585159F-987A-4E55-A0C6-4854B172B03C}.DebugGame Editor|IOS.ActiveCfg = BuiltWithUnrealBuildTool|Win32
		{9585159F-987A-4E55-A0C6-4854B172B03C}.DebugGame Editor|IOS.Build.0 = BuiltWithUnrealBuildTool|Win32
		{9585159F-987A-4E55-A0C6-4854B172B03C}.DebugGame Editor|Win32.ActiveCfg = BuiltWithUnrealBuildTool|Win32
		{9585159F-987A-4E55-A0C6-4854B172B03C}.DebugGame Editor|Win32.Build.0 = BuiltWithUnrealBuildTool|Win32
		{9585159F-987A-4E55-A0C6-4854B172B03C}.DebugGame Editor|Win64.ActiveCfg = BuiltWithUnrealBuildTool|Win32
		{9585159F-987A-4E55-A0C6-4854B172B03C}.DebugGame Editor|Win64.Build.0 = BuiltWithUnrealBuildTool|Win32
		{9585159F-987A-4E55-A0C6-4854B172B03C}.DebugGame|HTML5.ActiveCfg = BuiltWithUnrealBuildTool|Win32
		{9585159F-987A-4E55-A0C6-4854B172B03C}.DebugGame|HTML5.Build.0 = BuiltWithUnrealBuildTool|Win32
		{9585159F-987A-4E55-A0C6-4854B172B03C}.DebugGame|IOS.ActiveCfg = BuiltWithUnrealBuildTool|Win32
		{9585159F-987A-4E55-A0C6-4854B172B03C}.DebugGame|IOS.Build.0 = BuiltWithUnrealBuildTool|Win32
		{9585159F-987A-4E55-A0C6-4854B172B03C}.DebugGame|Win32.ActiveCfg = BuiltWithUnrealBuildTool|Win32
		{9585159F-987A-4E55-A0C6-4854B172B03C}.DebugGame|Win32.Build.0 = BuiltWithUnrealBuildTool|Win32
		{9585159F-987A-4E55-A0C6-4854B172B03C}.DebugGame|Win64.ActiveCfg = BuiltWithUnrealBuildTool|Win32
		{9585159F-987A-4E55-A0C6-4854B172B03C}.DebugGame|Win64.Build.0 = BuiltWithUnrealBuildTool|Win32
		{9585159F-987A-4E55-A0C6-4854B172B03C}.Development Editor|HTML5.ActiveCfg = BuiltWithUnrealBuildTool|Win32
		{9585159F-987A-4E55-A0C6-4854B172B03C}.Development Editor|HTML5.Build.0 = BuiltWithUnrealBuildTool|Win32
		{9585159F-987A-4E55-A0C6-4854B172B03C}.Development Editor|IOS.ActiveCfg = BuiltWithUnrealBuildTool|Win32
		{9585159F-987A-4E55-A0C6-4854B172B03C}.Development Editor|IOS.Build.0 = BuiltWithUnrealBuildTool|Win32
		{9585159F-987A-4E55-A0C6-4854B172B03C}.Development Editor|Win32.ActiveCfg = BuiltWithUnrealBuildTool|Win32
		{9585159F-987A-4E55-A0C6-4854B172B03C}.Development Editor|Win32.Build.0 = BuiltWithUnrealBuildTool|Win32
		{9585159F-987A-4E55-A0C6-4854B172B03C}.Development Editor|Win64.ActiveCfg = BuiltWithUnrealBuildTool|Win32
		{9585159F-987A-4E55-A0C6-4854B172B03C}.Development Editor|Win64.Build.0 = BuiltWithUnrealBuildTool|Win32
		{9585159F-987A-4E55-A0C6-4854B172B03C}.Development|HTML5.ActiveCfg = BuiltWithUnrealBuildTool|Win32
		{9585159F-987A-4E55-A0C6-4854B172B03C}.Development|HTML5.Build.0 = BuiltWithUnrealBuildTool|Win32
		{9585159F-987A-4E55-A0C6-4854B172B03C}.Development|IOS.ActiveCfg = BuiltWithUnrealBuildTool|Win32
		{9585159F-987A-4E55-A0C6-4854B172B03C}.Development|IOS.Build.0 = BuiltWithUnrealBuildTool|Win32
		{9585159F-987A-4E55-A0C6-4854B172B03C}.Development|Win32.ActiveCfg = BuiltWithUnrealBuildTool|Win32
		{9585159F-987A-4E55-A0C6-4854B172B03C}.Development|Win32.Build.0 = BuiltWithUnrealBuildTool|Win32
		{9585159F-987A-4E55-A0C6-4854B172B03C}.Development|Win64.ActiveCfg = BuiltWithUnrealBuildTool|Win32
		{9585159F-987A-4E55-A0C6-4854B172B03C}.Development|Win64.Build.0 = BuiltWithUnrealBuildTool|Win32
		{9585159F-987A-4E55-A0C6-4854B172B03C}.Shipping|HTML5.ActiveCfg = BuiltWithUnrealBuildTool|Win32
		{9585159F-987A-4E55-A0C6-4854B172B03C}.Shipping|HTML5.Build.0 = BuiltWithUnrealBuildTool|Win32
		{9585159F-987A-4E55-A0C6-4854B172B03C}.Shipping|IOS.ActiveCfg = BuiltWithUnrealBuildTool|Win32
		{9585159F-987A-4E55-A0C6-4854B172B03C}.Shipping|IOS.Build.0 = BuiltWithUnrealBuildTool|Win32
		{9585159F-987A-4E55-A0C6-4854B172B03C}.Shipping|Win32.ActiveCfg = BuiltWithUnrealBuildTool|Win32
		{9585159F-987A-4E55-A0C6-4854B172B03C}.Shipping|Win32.Build.0 = BuiltWithUnrealBuildTool|Win32
		{9585159F-987A-4E55-A0C6-4854B172B03C}.Shipping|Win64.ActiveCfg = BuiltWithUnrealBuildTool|Win32
		{9585159F-987A-4E55-A0C6-4854B172B03C}.Shipping|Win64.Build.0 = BuiltWithUnrealBuildTool|Win32
		{A4193BA9-C861-45E2-A058-6C14A3445B86}.DebugGame Editor|HTML5.ActiveCfg = HTML5_DebugGame_Editor|Win32
		{A4193BA9-C861-45E2-A058-6C14A3445B86}.DebugGame Editor|IOS.ActiveCfg = IOS_DebugGame_Editor|Win32
		{A4193BA9-C861-45E2-A058-6C14A3445B86}.DebugGame Editor|Win32.ActiveCfg = DebugGame_Editor|Win32
		{A4193BA9-C861-45E2-A058-6C14A3445B86}.DebugGame Editor|Win64.ActiveCfg = DebugGame_Editor|x64
		{A4193BA9-C861-45E2-A058-6C14A3445B86}.DebugGame Editor|Win64.Build.0 = DebugGame_Editor|x64
		{A4193BA9-C861-45E2-A058-6C14A3445B86}.DebugGame|HTML5.ActiveCfg = HTML5_DebugGame_Game|Win32
		{A4193BA9-C861-45E2-A058-6C14A3445B86}.DebugGame|HTML5.Build.0 = HTML5_DebugGame_Game|Win32
		{A4193BA9-C861-45E2-A058-6C14A3445B86}.DebugGame|IOS.ActiveCfg = IOS_DebugGame_Game|Win32
		{A4193BA9-C861-45E2-A058-6C14A3445B86}.DebugGame|IOS.Build.0 = IOS_DebugGame_Game|Win32
		{A4193BA9-C861-45E2-A058-6C14A3445B86}.DebugGame|Win32.ActiveCfg = DebugGame_Game|Win32
		{A4193BA9-C861-45E2-A058-6C14A3445B86}.DebugGame|Win32.Build.0 = DebugGame_Game|Win32
		{A4193BA9-C861-45E2-A058-6C14A3445B86}.DebugGame|Win64.ActiveCfg = DebugGame_Game|x64
		{A4193BA9-C861-45E2-A058-6C14A3445B86}.DebugGame|Win64.Build.0 = DebugGame_Game|x64
		{A4193BA9-C861-45E2-A058-6C14A3445B86}.Development Editor|HTML5.ActiveCfg = HTML5_Development_Editor|Win32
		{A4193BA9-C861-45E2-A058-6C14A3445B86}.Development Editor|IOS.ActiveCfg = IOS_Development_Editor|Win32
		{A4193BA9-C861-45E2-A058-6C14A3445B86}.Development Editor|Win32.ActiveCfg = Development_Editor|Win32
		{A4193BA9-C861-45E2-A058-6C14A3445B86}.Development Editor|Win64.ActiveCfg = Development_Editor|x64
		{A4193BA9-C861-45E2-A058-6C14A3445B86}.Development Editor|Win64.Build.0 = Development_Editor|x64
		{A4193BA9-C861-45E2-A058-6C14A3445B86}.Development|HTML5.ActiveCfg = HTML5_Development_Game|Win32
		{A4193BA9-C861-45E2-A058-6C14A3445B86}.Development|HTML5.Build.0 = HTML5_Development_Game|Win32
		{A4193BA9-C861-45E2-A058-6C14A3445B86}.Development|IOS.ActiveCfg = IOS_Development_Game|Win32
		{A4193BA9-C861-45E2-A058-6C14A3445B86}.Development|IOS.Build.0 = IOS_Development_Game|Win32
		{A4193BA9-C861-45E2-A058-6C14A3445B86}.Development|Win32.ActiveCfg = Development_Game|Win32
		{A4193BA9-C861-45E2-A058-6C14A3445B86}.Development|Win32.Build.0 = Development_Game|Win32
		{A4193BA9-C861-45E2-A058-6C14A3445B86}.Development|Win64.ActiveCfg = Development_Game|x64
		{A4193BA9-C861-45E2-A058-6C14A3445B86}.Development|Win64.Build.0 = Development_Game|x64
		{A4193BA9-C861-45E2-A058-6C14A3445B86}.Shipping|HTML5.ActiveCfg = HTML5_Shipping_Game|Win32
		{A4193BA9-C861-45E2-A058-6C14A3445B86}.Shipping|HTML5.Build.0 = HTML5_Shipping_Game|Win32
		{A4193BA9-C861-45E2-A058-6C14A3445B86}.Shipping|IOS.ActiveCfg = IOS_Shipping_Game|Win32
		{A4193BA9-C861-45E2-A058-6C14A3445B86}.Shipping|IOS.Build.0 = IOS_Shipping_Game|Win32
		{A4193BA9-C861-45E2-A058-6C14A3445B86}.Shipping|Win32.ActiveCfg = Shipping_Game|Win32
		{A4193BA9-C861-45E2-A058-6C14A3445B86}.Shipping|Win32.Build.0 = Shipping_Game|Win32
		{A4193BA9-C861-45E2-A058-6C14A3445B86}.Shipping|Win64.ActiveCfg = Shipping_Game|x64
		{A4193BA9-C861-45E2-A058-6C14A3445B86}.Shipping|Win64.Build.0 = Shipping_Game|x64
	EndGlobalSection
	GlobalSection(SolutionProperties) = preSolution
		HideSolutionNode = FALSE
	EndGlobalSection
	GlobalSection(NestedProjects) = preSolution
		{9585159F-987A-4E55-A0C6-4854B172B03C} = {37999154-BA72-493A-86C3-94E8D9D50726}
		{A4193BA9-C861-45E2-A058-6C14A3445B86} = {51DA16C1-1A38-4F1C-9AD8-7D3A8D5277A7}
	EndGlobalSection
	GlobalSection(ExtensibilityGlobals) = postSolution
		SolutionGuid = {32CAB6B5-FF7B-4EEA-9639-F57D50595267}
	EndGlobalSection
EndGlobal
